Microsoft Visual Studio Solution File, Format Version 11.00
# Visual Studio 2008

Project("{F4464236-67D7-AFE3-8980-16C060668A09}") = "Test Project 01", "Assembly-CSharp.csproj", "{48501E4D-E0E9-35F6-FA5F-9ABC3C230711}"
EndProject
Global
	GlobalSection(SolutionConfigurationPlatforms) = preSolution
		Debug|Any CPU = Debug|Any CPU
		Release|Any CPU = Release|Any CPU
	EndGlobalSection
	GlobalSection(ProjectConfigurationPlatforms) = postSolution
		{48501E4D-E0E9-35F6-FA5F-9ABC3C230711}.Debug|Any CPU.ActiveCfg = Debug|Any CPU
		{48501E4D-E0E9-35F6-FA5F-9ABC3C230711}.Debug|Any CPU.Build.0 = Debug|Any CPU
		{48501E4D-E0E9-35F6-FA5F-9ABC3C230711}.Release|Any CPU.ActiveCfg = Release|Any CPU
		{48501E4D-E0E9-35F6-FA5F-9ABC3C230711}.Release|Any CPU.Build.0 = Release|Any CPU
	EndGlobalSection
	GlobalSection(SolutionProperties) = preSolution
		HideSolutionNode = FALSE
	EndGlobalSection
	GlobalSection(MonoDevelopProperties) = preSolution
		StartupItem = Assembly-CSharp.csproj
	EndGlobalSection
EndGlobal
